// !$*UTF8*$!
{
	archiveVersion = 1;
	classes = {
	};
	objectVersion = 50;
	objects = {

/* Begin PBXBuildFile section */
		A56F2B9623A7F40400491115 /* AppDelegate.swift in Sources */ = {isa = PBXBuildFile; fileRef = A56F2B9523A7F40400491115 /* AppDelegate.swift */; };
		A56F2B9823A7F40400491115 /* SceneDelegate.swift in Sources */ = {isa = PBXBuildFile; fileRef = A56F2B9723A7F40400491115 /* SceneDelegate.swift */; };
		A56F2B9A23A7F40400491115 /* ViewController.swift in Sources */ = {isa = PBXBuildFile; fileRef = A56F2B9923A7F40400491115 /* ViewController.swift */; };
		A56F2B9D23A7F40400491115 /* Main.storyboard in Resources */ = {isa = PBXBuildFile; fileRef = A56F2B9B23A7F40400491115 /* Main.storyboard */; };
		A56F2BA023A7F40400491115 /* RetainCycleProject.xcdatamodeld in Sources */ = {isa = PBXBuildFile; fileRef = A56F2B9E23A7F40400491115 /* RetainCycleProject.xcdatamodeld */; };
		A56F2BA223A7F40500491115 /* Assets.xcassets in Resources */ = {isa = PBXBuildFile; fileRef = A56F2BA123A7F40500491115 /* Assets.xcassets */; };
		A56F2BA523A7F40500491115 /* LaunchScreen.storyboard in Resources */ = {isa = PBXBuildFile; fileRef = A56F2BA323A7F40500491115 /* LaunchScreen.storyboard */; };
		A56F2BAD23A7F41700491115 /* MyRetainClasses.swift in Sources */ = {isa = PBXBuildFile; fileRef = A56F2BAC23A7F41700491115 /* MyRetainClasses.swift */; };
		A56F2BAF23A7FFE700491115 /* SecondViewController.swift in Sources */ = {isa = PBXBuildFile; fileRef = A56F2BAE23A7FFE700491115 /* SecondViewController.swift */; };
/* End PBXBuildFile section */

/* Begin PBXFileReference section */
		A56F2B9223A7F40400491115 /* RetainCycleProject.app */ = {isa = PBXFileReference; explicitFileType = wrapper.application; includeInIndex = 0; path = RetainCycleProject.app; sourceTree = BUILT_PRODUCTS_DIR; };
		A56F2B9523A7F40400491115 /* AppDelegate.swift */ = {isa = PBXFileReference; lastKnownFileType = sourcecode.swift; path = AppDelegate.swift; sourceTree = "<group>"; };
		A56F2B9723A7F40400491115 /* SceneDelegate.swift */ = {isa = PBXFileReference; lastKnownFileType = sourcecode.swift; path = SceneDelegate.swift; sourceTree = "<group>"; };
		A56F2B9923A7F40400491115 /* ViewController.swift */ = {isa = PBXFileReference; lastKnownFileType = sourcecode.swift; path = ViewController.swift; sourceTree = "<group>"; };
		A56F2B9C23A7F40400491115 /* Base */ = {isa = PBXFileReference; lastKnownFileType = file.storyboard; name = Base; path = Base.lproj/Main.storyboard; sourceTree = "<group>"; };
		A56F2B9F23A7F40400491115 /* RetainCycleProject.xcdatamodel */ = {isa = PBXFileReference; lastKnownFileType = wrapper.xcdatamodel; path = RetainCycleProject.xcdatamodel; sourceTree = "<group>"; };
		A56F2BA123A7F40500491115 /* Assets.xcassets */ = {isa = PBXFileReference; lastKnownFileType = folder.assetcatalog; path = Assets.xcassets; sourceTree = "<group>"; };
		A56F2BA423A7F40500491115 /* Base */ = {isa = PBXFileReference; lastKnownFileType = file.storyboard; name = Base; path = Base.lproj/LaunchScreen.storyboard; sourceTree = "<group>"; };
		A56F2BA623A7F40500491115 /* Info.plist */ = {isa = PBXFileReference; lastKnownFileType = text.plist.xml; path = Info.plist; sourceTree = "<group>"; };
		A56F2BAC23A7F41700491115 /* MyRetainClasses.swift */ = {isa = PBXFileReference; lastKnownFileType = sourcecode.swift; path = MyRetainClasses.swift; sourceTree = "<group>"; };
		A56F2BAE23A7FFE700491115 /* SecondViewController.swift */ = {isa = PBXFileReference; lastKnownFileType = sourcecode.swift; path = SecondViewController.swift; sourceTree = "<group>"; };
/* End PBXFileReference section */

/* Begin PBXFrameworksBuildPhase section */
		A56F2B8F23A7F40400491115 /* Frameworks */ = {
			isa = PBXFrameworksBuildPhase;
			buildActionMask = 2147483647;
			files = (
			);
			runOnlyForDeploymentPostprocessing = 0;
		};
/* End PBXFrameworksBuildPhase section */

/* Begin PBXGroup section */
		A56F2B8923A7F40400491115 = {
			isa = PBXGroup;
			children = (
				A56F2B9423A7F40400491115 /* RetainCycleProject */,
				A56F2B9323A7F40400491115 /* Products */,
			);
			sourceTree = "<group>";
		};
		A56F2B9323A7F40400491115 /* Products */ = {
			isa = PBXGroup;
			children = (
				A56F2B9223A7F40400491115 /* RetainCycleProject.app */,
			);
			name = Products;
			sourceTree = "<group>";
		};
		A56F2B9423A7F40400491115 /* RetainCycleProject */ = {
			isa = PBXGroup;
			children = (
				A56F2B9523A7F40400491115 /* AppDelegate.swift */,
				A56F2B9723A7F40400491115 /* SceneDelegate.swift */,
				A56F2BAC23A7F41700491115 /* MyRetainClasses.swift */,
				A56F2B9923A7F40400491115 /* ViewController.swift */,
				A56F2BAE23A7FFE700491115 /* SecondViewController.swift */,
				A56F2B9B23A7F40400491115 /* Main.storyboard */,
				A56F2BA123A7F40500491115 /* Assets.xcassets */,
				A56F2BA323A7F40500491115 /* LaunchScreen.storyboard */,
				A56F2BA623A7F40500491115 /* Info.plist */,
				A56F2B9E23A7F40400491115 /* RetainCycleProject.xcdatamodeld */,
			);
			path = RetainCycleProject;
			sourceTree = "<group>";
		};
/* End PBXGroup section */

/* Begin PBXNativeTarget section */
		A56F2B9123A7F40400491115 /* RetainCycleProject */ = {
			isa = PBXNativeTarget;
			buildConfigurationList = A56F2BA923A7F40500491115 /* Build configuration list for PBXNativeTarget "RetainCycleProject" */;
			buildPhases = (
				A56F2B8E23A7F40400491115 /* Sources */,
				A56F2B8F23A7F40400491115 /* Frameworks */,
				A56F2B9023A7F40400491115 /* Resources */,
			);
			buildRules = (
			);
			dependencies = (
			);
			name = RetainCycleProject;
			productName = RetainCycleProject;
			productReference = A56F2B9223A7F40400491115 /* RetainCycleProject.app */;
			productType = "com.apple.product-type.application";
		};
/* End PBXNativeTarget section */

/* Begin PBXProject section */
		A56F2B8A23A7F40400491115 /* Project object */ = {
			isa = PBXProject;
			attributes = {
				LastSwiftUpdateCheck = 1120;
				LastUpgradeCheck = 1120;
				ORGANIZATIONNAME = "Manaswi Daksha";
				TargetAttributes = {
					A56F2B9123A7F40400491115 = {
						CreatedOnToolsVersion = 11.2.1;
					};
				};
			};
			buildConfigurationList = A56F2B8D23A7F40400491115 /* Build configuration list for PBXProject "RetainCycleProject" */;
			compatibilityVersion = "Xcode 9.3";
			developmentRegion = en;
			hasScannedForEncodings = 0;
			knownRegions = (
				en,
				Base,
			);
			mainGroup = A56F2B8923A7F40400491115;
			productRefGroup = A56F2B9323A7F40400491115 /* Products */;
			projectDirPath = "";
			projectRoot = "";
			targets = (
				A56F2B9123A7F40400491115 /* RetainCycleProject */,
			);
		};
/* End PBXProject section */

/* Begin PBXResourcesBuildPhase section */
		A56F2B9023A7F40400491115 /* Resources */ = {
			isa = PBXResourcesBuildPhase;
			buildActionMask = 2147483647;
			files = (
				A56F2BA523A7F40500491115 /* LaunchScreen.storyboard in Resources */,
				A56F2BA223A7F40500491115 /* Assets.xcassets in Resources */,
				A56F2B9D23A7F40400491115 /* Main.storyboard in Resources */,
			);
			runOnlyForDeploymentPostprocessing = 0;
		};
/* End PBXResourcesBuildPhase section */

/* Begin PBXSourcesBuildPhase section */
		A56F2B8E23A7F40400491115 /* Sources */ = {
			isa = PBXSourcesBuildPhase;
			buildActionMask = 2147483647;
			files = (
				A56F2BAF23A7FFE700491115 /* SecondViewController.swift in Sources */,
				A56F2BAD23A7F41700491115 /* MyRetainClasses.swift in Sources */,
				A56F2B9A23A7F40400491115 /* ViewController.swift in Sources */,
				A56F2BA023A7F40400491115 /* RetainCycleProject.xcdatamodeld in Sources */,
				A56F2B9623A7F40400491115 /* AppDelegate.swift in Sources */,
				A56F2B9823A7F40400491115 /* SceneDelegate.swift in Sources */,
			);
			runOnlyForDeploymentPostprocessing = 0;
		};
/* End PBXSourcesBuildPhase section */

/* Begin PBXVariantGroup section */
		A56F2B9B23A7F40400491115 /* Main.storyboard */ = {
			isa = PBXVariantGroup;
			children = (
				A56F2B9C23A7F40400491115 /* Base */,
			);
			name = Main.storyboard;
			sourceTree = "<group>";
		};
		A56F2BA323A7F40500491115 /* LaunchScreen.storyboard */ = {
			isa = PBXVariantGroup;
			children = (
				A56F2BA423A7F40500491115 /* Base */,
			);
			name = LaunchScreen.storyboard;
			sourceTree = "<group>";
		};
/* End PBXVariantGroup section */

/* Begin XCBuildConfiguration section */
		A56F2BA723A7F40500491115 /* Debug */ = {
			isa = XCBuildConfiguration;
			buildSettings = {
				ALWAYS_SEARCH_USER_PATHS = NO;
				CLANG_ANALYZER_NONNULL = YES;
				CLANG_ANALYZER_NUMBER_OBJECT_CONVERSION = YES_AGGRESSIVE;
				CLANG_CXX_LANGUAGE_STANDARD = "gnu++14";
				CLANG_CXX_LIBRARY = "libc++";
				CLANG_ENABLE_MODULES = YES;
				CLANG_ENABLE_OBJC_ARC = YES;
				CLANG_ENABLE_OBJC_WEAK = YES;
				CLANG_WARN_BLOCK_CAPTURE_AUTORELEASING = YES;
				CLANG_WARN_BOOL_CONVERSION = YES;
				CLANG_WARN_COMMA = YES;
				CLANG_WARN_CONSTANT_CONVERSION = YES;
				CLANG_WARN_DEPRECATED_OBJC_IMPLEMENTATIONS = YES;
				CLANG_WARN_DIRECT_OBJC_ISA_USAGE = YES_ERROR;
				CLANG_WARN_DOCUMENTATION_COMMENTS = YES;
				CLANG_WARN_EMPTY_BODY = YES;
				CLANG_WARN_ENUM_CONVERSION = YES;
				CLANG_WARN_INFINITE_RECURSION = YES;
				CLANG_WARN_INT_CONVERSION = YES;
				CLANG_WARN_NON_LITERAL_NULL_CONVERSION = YES;
				CLANG_WARN_OBJC_IMPLICIT_RETAIN_SELF = YES;
				CLANG_WARN_OBJC_LITERAL_CONVERSION = YES;
				CLANG_WARN_OBJC_ROOT_CLASS = YES_ERROR;
				CLANG_WARN_RANGE_LOOP_ANALYSIS = YES;
				CLANG_WARN_STRICT_PROTOTYPES = YES;
				CLANG_WARN_SUSPICIOUS_MOVE = YES;
				CLANG_WARN_UNGUARDED_AVAILABILITY = YES_AGGRESSIVE;
				CLANG_WARN_UNREACHABLE_CODE = YES;
				CLANG_WARN__DUPLICATE_METHOD_MATCH = YES;
				COPY_PHASE_STRIP = NO;
				DEBUG_INFORMATION_FORMAT = dwarf;
				ENABLE_STRICT_OBJC_MSGSEND = YES;
				ENABLE_TESTABILITY = YES;
				GCC_C_LANGUAGE_STANDARD = gnu11;
				GCC_DYNAMIC_NO_PIC = NO;
				GCC_NO_COMMON_BLOCKS = YES;
				GCC_OPTIMIZATION_LEVEL = 0;
				GCC_PREPROCESSOR_DEFINITIONS = (
					"DEBUG=1",
					"$(inherited)",
				);
				GCC_WARN_64_TO_32_BIT_CONVERSION = YES;
				GCC_WARN_ABOUT_RETURN_TYPE = YES_ERROR;
				GCC_WARN_UNDECLARED_SELECTOR = YES;
				GCC_WARN_UNINITIALIZED_AUTOS = YES_AGGRESSIVE;
				GCC_WARN_UNUSED_FUNCTION = YES;
				GCC_WARN_UNUSED_VARIABLE = YES;
				IPHONEOS_DEPLOYMENT_TARGET = 13.2;
				MTL_ENABLE_DEBUG_INFO = INCLUDE_SOURCE;
				MTL_FAST_MATH = YES;
				ONLY_ACTIVE_ARCH = YES;
				SDKROOT = iphoneos;
				SWIFT_ACTIVE_COMPILATION_CONDITIONS = DEBUG;
				SWIFT_OPTIMIZATION_LEVEL = "-Onone";
			};
			name = Debug;
		};
		A56F2BA823A7F40500491115 /* Release */ = {
			isa = XCBuildConfiguration;
			buildSettings = {
				ALWAYS_SEARCH_USER_PATHS = NO;
				CLANG_ANALYZER_NONNULL = YES;
				CLANG_ANALYZER_NUMBER_OBJECT_CONVERSION = YES_AGGRESSIVE;
				CLANG_CXX_LANGUAGE_STANDARD = "gnu++14";
				CLANG_CXX_LIBRARY = "libc++";
				CLANG_ENABLE_MODULES = YES;
				CLANG_ENABLE_OBJC_ARC = YES;
				CLANG_ENABLE_OBJC_WEAK = YES;
				CLANG_WARN_BLOCK_CAPTURE_AUTORELEASING = YES;
				CLANG_WARN_BOOL_CONVERSION = YES;
				CLANG_WARN_COMMA = YES;
				CLANG_WARN_CONSTANT_CONVERSION = YES;
				CLANG_WARN_DEPRECATED_OBJC_IMPLEMENTATIONS = YES;
				CLANG_WARN_DIRECT_OBJC_ISA_USAGE = YES_ERROR;
				CLANG_WARN_DOCUMENTATION_COMMENTS = YES;
				CLANG_WARN_EMPTY_BODY = YES;
				CLANG_WARN_ENUM_CONVERSION = YES;
				CLANG_WARN_INFINITE_RECURSION = YES;
				CLANG_WARN_INT_CONVERSION = YES;
				CLANG_WARN_NON_LITERAL_NULL_CONVERSION = YES;
				CLANG_WARN_OBJC_IMPLICIT_RETAIN_SELF = YES;
				CLANG_WARN_OBJC_LITERAL_CONVERSION = YES;
				CLANG_WARN_OBJC_ROOT_CLASS = YES_ERROR;
				CLANG_WARN_RANGE_LOOP_ANALYSIS = YES;
				CLANG_WARN_STRICT_PROTOTYPES = YES;
				CLANG_WARN_SUSPICIOUS_MOVE = YES;
				CLANG_WARN_UNGUARDED_AVAILABILITY = YES_AGGRESSIVE;
				CLANG_WARN_UNREACHABLE_CODE = YES;
				CLANG_WARN__DUPLICATE_METHOD_MATCH = YES;
				COPY_PHASE_STRIP = NO;
				DEBUG_INFORMATION_FORMAT = "dwarf-with-dsym";
				ENABLE_NS_ASSERTIONS = NO;
				ENABLE_STRICT_OBJC_MSGSEND = YES;
				GCC_C_LANGUAGE_STANDARD = gnu11;
				GCC_NO_COMMON_BLOCKS = YES;
				GCC_WARN_64_TO_32_BIT_CONVERSION = YES;
				GCC_WARN_ABOUT_RETURN_TYPE = YES_ERROR;
				GCC_WARN_UNDECLARED_SELECTOR = YES;
				GCC_WARN_UNINITIALIZED_AUTOS = YES_AGGRESSIVE;
				GCC_WARN_UNUSED_FUNCTION = YES;
				GCC_WARN_UNUSED_VARIABLE = YES;
				IPHONEOS_DEPLOYMENT_TARGET = 13.2;
				MTL_ENABLE_DEBUG_INFO = NO;
				MTL_FAST_MATH = YES;
				SDKROOT = iphoneos;
				SWIFT_COMPILATION_MODE = wholemodule;
				SWIFT_OPTIMIZATION_LEVEL = "-O";
				VALIDATE_PRODUCT = YES;
			};
			name = Release;
		};
		A56F2BAA23A7F40500491115 /* Debug */ = {
			isa = XCBuildConfiguration;
			buildSettings = {
				ASSETCATALOG_COMPILER_APPICON_NAME = AppIcon;
				CODE_SIGN_STYLE = Automatic;
				DEVELOPMENT_TEAM = ZBLGZ7QQXQ;
				INFOPLIST_FILE = RetainCycleProject/Info.plist;
				LD_RUNPATH_SEARCH_PATHS = (
					"$(inherited)",
					"@executable_path/Frameworks",
				);
				PRODUCT_BUNDLE_IDENTIFIER = com.Simpalm.RetainCycleProject;
				PRODUCT_NAME = "$(TARGET_NAME)";
				SWIFT_VERSION = 5.0;
				TARGETED_DEVICE_FAMILY = "1,2";
			};
			name = Debug;
		};
		A56F2BAB23A7F40500491115 /* Release */ = {
			isa = XCBuildConfiguration;
			buildSettings = {
				ASSETCATALOG_COMPILER_APPICON_NAME = AppIcon;
				CODE_SIGN_STYLE = Automatic;
				DEVELOPMENT_TEAM = ZBLGZ7QQXQ;
				INFOPLIST_FILE = RetainCycleProject/Info.plist;
				LD_RUNPATH_SEARCH_PATHS = (
					"$(inherited)",
					"@executable_path/Frameworks",
				);
				PRODUCT_BUNDLE_IDENTIFIER = com.Simpalm.RetainCycleProject;
				PRODUCT_NAME = "$(TARGET_NAME)";
				SWIFT_VERSION = 5.0;
				TARGETED_DEVICE_FAMILY = "1,2";
			};
			name = Release;
		};
/* End XCBuildConfiguration section */

/* Begin XCConfigurationList section */
		A56F2B8D23A7F40400491115 /* Build configuration list for PBXProject "RetainCycleProject" */ = {
			isa = XCConfigurationList;
			buildConfigurations = (
				A56F2BA723A7F40500491115 /* Debug */,
				A56F2BA823A7F40500491115 /* Release */,
			);
			defaultConfigurationIsVisible = 0;
			defaultConfigurationName = Release;
		};
		A56F2BA923A7F40500491115 /* Build configuration list for PBXNativeTarget "RetainCycleProject" */ = {
			isa = XCConfigurationList;
			buildConfigurations = (
				A56F2BAA23A7F40500491115 /* Debug */,
				A56F2BAB23A7F40500491115 /* Release */,
			);
			defaultConfigurationIsVisible = 0;
			defaultConfigurationName = Release;
		};
/* End XCConfigurationList section */

/* Begin XCVersionGroup section */
		A56F2B9E23A7F40400491115 /* RetainCycleProject.xcdatamodeld */ = {
			isa = XCVersionGroup;
			children = (
				A56F2B9F23A7F40400491115 /* RetainCycleProject.xcdatamodel */,
			);
			currentVersion = A56F2B9F23A7F40400491115 /* RetainCycleProject.xcdatamodel */;
			path = RetainCycleProject.xcdatamodeld;
			sourceTree = "<group>";
			versionGroupType = wrapper.xcdatamodel;
		};
/* End XCVersionGroup section */
	};
	rootObject = A56F2B8A23A7F40400491115 /* Project object */;
}
